
Microsoft Visual Studio Solution File, Format Version 12.00
# Visual Studio 15
VisualStudioVersion = 15.0.28307.1927
MinimumVisualStudioVersion = 10.0.40219.1
Project("{FAE04EC0-301F-11D3-BF4B-00C04F79EFBC}") = "lab_4_ocs_v2", "lab_4_ocs_v2\lab_4_ocs_v2.csproj", "{3388B1CB-852C-4358-8D10-93806B712DA9}"
EndProject
Global
	GlobalSection(SolutionConfigurationPlatforms) = preSolution
		Debug|Any CPU = Debug|Any CPU
		Release|Any CPU = Release|Any CPU
	EndGlobalSection
	GlobalSection(ProjectConfigurationPlatforms) = postSolution
		{3388B1CB-852C-4358-8D10-93806B712DA9}.Debug|Any CPU.ActiveCfg = Debug|Any CPU
		{3388B1CB-852C-4358-8D10-93806B712DA9}.Debug|Any CPU.Build.0 = Debug|Any CPU
		{3388B1CB-852C-4358-8D10-93806B712DA9}.Release|Any CPU.ActiveCfg = Release|Any CPU
		{3388B1CB-852C-4358-8D10-93806B712DA9}.Release|Any CPU.Build.0 = Release|Any CPU
	EndGlobalSection
	GlobalSection(SolutionProperties) = preSolution
		HideSolutionNode = FALSE
	EndGlobalSection
	GlobalSection(ExtensibilityGlobals) = postSolution
		SolutionGuid = {612088AF-20B2-4304-AB4B-56BC5748B9D2}
	EndGlobalSection
EndGlobal
